
Microsoft Visual Studio Solution File, Format Version 12.00
# Visual Studio Version 16
VisualStudioVersion = 16.0.31911.196
MinimumVisualStudioVersion = 10.0.40219.1
Project("{FAE04EC0-301F-11D3-BF4B-00C04F79EFBC}") = "OasisHotelRes", "OasisHotelRes\OasisHotelRes.csproj", "{D9B841B9-B22C-43D9-BF77-8AE15ED78594}"
EndProject
Global
	GlobalSection(SolutionConfigurationPlatforms) = preSolution
		Debug|Any CPU = Debug|Any CPU
		Release|Any CPU = Release|Any CPU
	EndGlobalSection
	GlobalSection(ProjectConfigurationPlatforms) = postSolution
		{D9B841B9-B22C-43D9-BF77-8AE15ED78594}.Debug|Any CPU.ActiveCfg = Debug|Any CPU
		{D9B841B9-B22C-43D9-BF77-8AE15ED78594}.Debug|Any CPU.Build.0 = Debug|Any CPU
		{D9B841B9-B22C-43D9-BF77-8AE15ED78594}.Release|Any CPU.ActiveCfg = Release|Any CPU
		{D9B841B9-B22C-43D9-BF77-8AE15ED78594}.Release|Any CPU.Build.0 = Release|Any CPU
	EndGlobalSection
	GlobalSection(SolutionProperties) = preSolution
		HideSolutionNode = FALSE
	EndGlobalSection
	GlobalSection(ExtensibilityGlobals) = postSolution
		SolutionGuid = {8C2C4771-B66F-4639-A563-6241B937011C}
	EndGlobalSection
EndGlobal
